
Microsoft Visual Studio Solution File, Format Version 12.00
# Visual Studio Version 17
VisualStudioVersion = 17.0.31903.59
MinimumVisualStudioVersion = 10.0.40219.1
Project("{2150E333-8FDC-42A3-9474-1A3956D46DE8}") = "src", "src", "{827E0CD3-B72D-47B6-A68D-7590B98EB39B}"
EndProject
Project("{FAE04EC0-301F-11D3-BF4B-00C04F79EFBC}") = "UserManagement.API", "src\UserManagement.API\UserManagement.API.csproj", "{05CBD06F-ADC9-422C-A408-95E29D7BFE20}"
EndProject
Project("{FAE04EC0-301F-11D3-BF4B-00C04F79EFBC}") = "UserManagement.Blazor", "src\UserManagement.Blazor\UserManagement.Blazor.csproj", "{99E5C6A1-2164-4758-A4E4-2E5F1108101E}"
EndProject
Project("{FAE04EC0-301F-11D3-BF4B-00C04F79EFBC}") = "UserManagement.Contracts", "src\UserManagement.Contracts\UserManagement.Contracts.csproj", "{FD1D11CB-CC32-41D1-8237-03FEC363AD8F}"
EndProject
Project("{FAE04EC0-301F-11D3-BF4B-00C04F79EFBC}") = "UserManagement.Messaging", "src\UserManagement.Messaging\UserManagement.Messaging.csproj", "{6E0459FD-52A3-45E2-9494-0A82248B9D99}"
EndProject
Project("{FAE04EC0-301F-11D3-BF4B-00C04F79EFBC}") = "UserManagement.Repository.Sql", "src\UserManagement.Repository.Sql\UserManagement.Repository.Sql.csproj", "{A11335E3-C428-43B5-AB55-043C79F6CC09}"
EndProject
Project("{FAE04EC0-301F-11D3-BF4B-00C04F79EFBC}") = "UserManagement.Services", "src\UserManagement.Services\UserManagement.Services.csproj", "{FDF886BA-BC48-4720-BA86-D3B54A2C0EB6}"
EndProject
Project("{FAE04EC0-301F-11D3-BF4B-00C04F79EFBC}") = "UserManagement.Domain", "src\UserManagement.Domain\UserManagement.Domain.csproj", "{189136A0-A71D-428E-A474-16CFCE747ED9}"
EndProject
Project("{FAE04EC0-301F-11D3-BF4B-00C04F79EFBC}") = "UserManagement.Worker", "src\UserManagement.Worker\UserManagement.Worker.csproj", "{F26E3CB4-0BC2-4960-BC74-6B0D90506662}"
EndProject
Project("{2150E333-8FDC-42A3-9474-1A3956D46DE8}") = "tests", "tests", "{0AB3BF05-4346-4AA6-1389-037BE0695223}"
EndProject
Project("{FAE04EC0-301F-11D3-BF4B-00C04F79EFBC}") = "UserManagement.IntegrationTests", "tests\UserManagement.IntegrationTests\UserManagement.IntegrationTests.csproj", "{3C05AC0E-58D2-4C1F-A2CB-DA9A5E3B602E}"
EndProject
Project("{FAE04EC0-301F-11D3-BF4B-00C04F79EFBC}") = "UserManagement.UnitTests", "tests\UserManagement.UnitTests\UserManagement.UnitTests.csproj", "{014E09AC-5958-496C-B350-8BF456707F99}"
EndProject
Global
	GlobalSection(SolutionConfigurationPlatforms) = preSolution
		Debug|Any CPU = Debug|Any CPU
		Debug|x64 = Debug|x64
		Debug|x86 = Debug|x86
		Release|Any CPU = Release|Any CPU
		Release|x64 = Release|x64
		Release|x86 = Release|x86
	EndGlobalSection
	GlobalSection(ProjectConfigurationPlatforms) = postSolution
		{05CBD06F-ADC9-422C-A408-95E29D7BFE20}.Debug|Any CPU.ActiveCfg = Debug|Any CPU
		{05CBD06F-ADC9-422C-A408-95E29D7BFE20}.Debug|Any CPU.Build.0 = Debug|Any CPU
		{05CBD06F-ADC9-422C-A408-95E29D7BFE20}.Debug|x64.ActiveCfg = Debug|Any CPU
		{05CBD06F-ADC9-422C-A408-95E29D7BFE20}.Debug|x64.Build.0 = Debug|Any CPU
		{05CBD06F-ADC9-422C-A408-95E29D7BFE20}.Debug|x86.ActiveCfg = Debug|Any CPU
		{05CBD06F-ADC9-422C-A408-95E29D7BFE20}.Debug|x86.Build.0 = Debug|Any CPU
		{05CBD06F-ADC9-422C-A408-95E29D7BFE20}.Release|Any CPU.ActiveCfg = Release|Any CPU
		{05CBD06F-ADC9-422C-A408-95E29D7BFE20}.Release|Any CPU.Build.0 = Release|Any CPU
		{05CBD06F-ADC9-422C-A408-95E29D7BFE20}.Release|x64.ActiveCfg = Release|Any CPU
		{05CBD06F-ADC9-422C-A408-95E29D7BFE20}.Release|x64.Build.0 = Release|Any CPU
		{05CBD06F-ADC9-422C-A408-95E29D7BFE20}.Release|x86.ActiveCfg = Release|Any CPU
		{05CBD06F-ADC9-422C-A408-95E29D7BFE20}.Release|x86.Build.0 = Release|Any CPU
		{99E5C6A1-2164-4758-A4E4-2E5F1108101E}.Debug|Any CPU.ActiveCfg = Debug|Any CPU
		{99E5C6A1-2164-4758-A4E4-2E5F1108101E}.Debug|Any CPU.Build.0 = Debug|Any CPU
		{99E5C6A1-2164-4758-A4E4-2E5F1108101E}.Debug|x64.ActiveCfg = Debug|Any CPU
		{99E5C6A1-2164-4758-A4E4-2E5F1108101E}.Debug|x64.Build.0 = Debug|Any CPU
		{99E5C6A1-2164-4758-A4E4-2E5F1108101E}.Debug|x86.ActiveCfg = Debug|Any CPU
		{99E5C6A1-2164-4758-A4E4-2E5F1108101E}.Debug|x86.Build.0 = Debug|Any CPU
		{99E5C6A1-2164-4758-A4E4-2E5F1108101E}.Release|Any CPU.ActiveCfg = Release|Any CPU
		{99E5C6A1-2164-4758-A4E4-2E5F1108101E}.Release|Any CPU.Build.0 = Release|Any CPU
		{99E5C6A1-2164-4758-A4E4-2E5F1108101E}.Release|x64.ActiveCfg = Release|Any CPU
		{99E5C6A1-2164-4758-A4E4-2E5F1108101E}.Release|x64.Build.0 = Release|Any CPU
		{99E5C6A1-2164-4758-A4E4-2E5F1108101E}.Release|x86.ActiveCfg = Release|Any CPU
		{99E5C6A1-2164-4758-A4E4-2E5F1108101E}.Release|x86.Build.0 = Release|Any CPU
		{FD1D11CB-CC32-41D1-8237-03FEC363AD8F}.Debug|Any CPU.ActiveCfg = Debug|Any CPU
		{FD1D11CB-CC32-41D1-8237-03FEC363AD8F}.Debug|Any CPU.Build.0 = Debug|Any CPU
		{FD1D11CB-CC32-41D1-8237-03FEC363AD8F}.Debug|x64.ActiveCfg = Debug|Any CPU
		{FD1D11CB-CC32-41D1-8237-03FEC363AD8F}.Debug|x64.Build.0 = Debug|Any CPU
		{FD1D11CB-CC32-41D1-8237-03FEC363AD8F}.Debug|x86.ActiveCfg = Debug|Any CPU
		{FD1D11CB-CC32-41D1-8237-03FEC363AD8F}.Debug|x86.Build.0 = Debug|Any CPU
		{FD1D11CB-CC32-41D1-8237-03FEC363AD8F}.Release|Any CPU.ActiveCfg = Release|Any CPU
		{FD1D11CB-CC32-41D1-8237-03FEC363AD8F}.Release|Any CPU.Build.0 = Release|Any CPU
		{FD1D11CB-CC32-41D1-8237-03FEC363AD8F}.Release|x64.ActiveCfg = Release|Any CPU
		{FD1D11CB-CC32-41D1-8237-03FEC363AD8F}.Release|x64.Build.0 = Release|Any CPU
		{FD1D11CB-CC32-41D1-8237-03FEC363AD8F}.Release|x86.ActiveCfg = Release|Any CPU
		{FD1D11CB-CC32-41D1-8237-03FEC363AD8F}.Release|x86.Build.0 = Release|Any CPU
		{6E0459FD-52A3-45E2-9494-0A82248B9D99}.Debug|Any CPU.ActiveCfg = Debug|Any CPU
		{6E0459FD-52A3-45E2-9494-0A82248B9D99}.Debug|Any CPU.Build.0 = Debug|Any CPU
		{6E0459FD-52A3-45E2-9494-0A82248B9D99}.Debug|x64.ActiveCfg = Debug|Any CPU
		{6E0459FD-52A3-45E2-9494-0A82248B9D99}.Debug|x64.Build.0 = Debug|Any CPU
		{6E0459FD-52A3-45E2-9494-0A82248B9D99}.Debug|x86.ActiveCfg = Debug|Any CPU
		{6E0459FD-52A3-45E2-9494-0A82248B9D99}.Debug|x86.Build.0 = Debug|Any CPU
		{6E0459FD-52A3-45E2-9494-0A82248B9D99}.Release|Any CPU.ActiveCfg = Release|Any CPU
		{6E0459FD-52A3-45E2-9494-0A82248B9D99}.Release|Any CPU.Build.0 = Release|Any CPU
		{6E0459FD-52A3-45E2-9494-0A82248B9D99}.Release|x64.ActiveCfg = Release|Any CPU
		{6E0459FD-52A3-45E2-9494-0A82248B9D99}.Release|x64.Build.0 = Release|Any CPU
		{6E0459FD-52A3-45E2-9494-0A82248B9D99}.Release|x86.ActiveCfg = Release|Any CPU
		{6E0459FD-52A3-45E2-9494-0A82248B9D99}.Release|x86.Build.0 = Release|Any CPU
		{A11335E3-C428-43B5-AB55-043C79F6CC09}.Debug|Any CPU.ActiveCfg = Debug|Any CPU
		{A11335E3-C428-43B5-AB55-043C79F6CC09}.Debug|Any CPU.Build.0 = Debug|Any CPU
		{A11335E3-C428-43B5-AB55-043C79F6CC09}.Debug|x64.ActiveCfg = Debug|Any CPU
		{A11335E3-C428-43B5-AB55-043C79F6CC09}.Debug|x64.Build.0 = Debug|Any CPU
		{A11335E3-C428-43B5-AB55-043C79F6CC09}.Debug|x86.ActiveCfg = Debug|Any CPU
		{A11335E3-C428-43B5-AB55-043C79F6CC09}.Debug|x86.Build.0 = Debug|Any CPU
		{A11335E3-C428-43B5-AB55-043C79F6CC09}.Release|Any CPU.ActiveCfg = Release|Any CPU
		{A11335E3-C428-43B5-AB55-043C79F6CC09}.Release|Any CPU.Build.0 = Release|Any CPU
		{A11335E3-C428-43B5-AB55-043C79F6CC09}.Release|x64.ActiveCfg = Release|Any CPU
		{A11335E3-C428-43B5-AB55-043C79F6CC09}.Release|x64.Build.0 = Release|Any CPU
		{A11335E3-C428-43B5-AB55-043C79F6CC09}.Release|x86.ActiveCfg = Release|Any CPU
		{A11335E3-C428-43B5-AB55-043C79F6CC09}.Release|x86.Build.0 = Release|Any CPU
		{FDF886BA-BC48-4720-BA86-D3B54A2C0EB6}.Debug|Any CPU.ActiveCfg = Debug|Any CPU
		{FDF886BA-BC48-4720-BA86-D3B54A2C0EB6}.Debug|Any CPU.Build.0 = Debug|Any CPU
		{FDF886BA-BC48-4720-BA86-D3B54A2C0EB6}.Debug|x64.ActiveCfg = Debug|Any CPU
		{FDF886BA-BC48-4720-BA86-D3B54A2C0EB6}.Debug|x64.Build.0 = Debug|Any CPU
		{FDF886BA-BC48-4720-BA86-D3B54A2C0EB6}.Debug|x86.ActiveCfg = Debug|Any CPU
		{FDF886BA-BC48-4720-BA86-D3B54A2C0EB6}.Debug|x86.Build.0 = Debug|Any CPU
		{FDF886BA-BC48-4720-BA86-D3B54A2C0EB6}.Release|Any CPU.ActiveCfg = Release|Any CPU
		{FDF886BA-BC48-4720-BA86-D3B54A2C0EB6}.Release|Any CPU.Build.0 = Release|Any CPU
		{FDF886BA-BC48-4720-BA86-D3B54A2C0EB6}.Release|x64.ActiveCfg = Release|Any CPU
		{FDF886BA-BC48-4720-BA86-D3B54A2C0EB6}.Release|x64.Build.0 = Release|Any CPU
		{FDF886BA-BC48-4720-BA86-D3B54A2C0EB6}.Release|x86.ActiveCfg = Release|Any CPU
		{FDF886BA-BC48-4720-BA86-D3B54A2C0EB6}.Release|x86.Build.0 = Release|Any CPU
		{189136A0-A71D-428E-A474-16CFCE747ED9}.Debug|Any CPU.ActiveCfg = Debug|Any CPU
		{189136A0-A71D-428E-A474-16CFCE747ED9}.Debug|Any CPU.Build.0 = Debug|Any CPU
		{189136A0-A71D-428E-A474-16CFCE747ED9}.Debug|x64.ActiveCfg = Debug|Any CPU
		{189136A0-A71D-428E-A474-16CFCE747ED9}.Debug|x64.Build.0 = Debug|Any CPU
		{189136A0-A71D-428E-A474-16CFCE747ED9}.Debug|x86.ActiveCfg = Debug|Any CPU
		{189136A0-A71D-428E-A474-16CFCE747ED9}.Debug|x86.Build.0 = Debug|Any CPU
		{189136A0-A71D-428E-A474-16CFCE747ED9}.Release|Any CPU.ActiveCfg = Release|Any CPU
		{189136A0-A71D-428E-A474-16CFCE747ED9}.Release|Any CPU.Build.0 = Release|Any CPU
		{189136A0-A71D-428E-A474-16CFCE747ED9}.Release|x64.ActiveCfg = Release|Any CPU
		{189136A0-A71D-428E-A474-16CFCE747ED9}.Release|x64.Build.0 = Release|Any CPU
		{189136A0-A71D-428E-A474-16CFCE747ED9}.Release|x86.ActiveCfg = Release|Any CPU
		{189136A0-A71D-428E-A474-16CFCE747ED9}.Release|x86.Build.0 = Release|Any CPU
		{F26E3CB4-0BC2-4960-BC74-6B0D90506662}.Debug|Any CPU.ActiveCfg = Debug|Any CPU
		{F26E3CB4-0BC2-4960-BC74-6B0D90506662}.Debug|Any CPU.Build.0 = Debug|Any CPU
		{F26E3CB4-0BC2-4960-BC74-6B0D90506662}.Debug|x64.ActiveCfg = Debug|Any CPU
		{F26E3CB4-0BC2-4960-BC74-6B0D90506662}.Debug|x64.Build.0 = Debug|Any CPU
		{F26E3CB4-0BC2-4960-BC74-6B0D90506662}.Debug|x86.ActiveCfg = Debug|Any CPU
		{F26E3CB4-0BC2-4960-BC74-6B0D90506662}.Debug|x86.Build.0 = Debug|Any CPU
		{F26E3CB4-0BC2-4960-BC74-6B0D90506662}.Release|Any CPU.ActiveCfg = Release|Any CPU
		{F26E3CB4-0BC2-4960-BC74-6B0D90506662}.Release|Any CPU.Build.0 = Release|Any CPU
		{F26E3CB4-0BC2-4960-BC74-6B0D90506662}.Release|x64.ActiveCfg = Release|Any CPU
		{F26E3CB4-0BC2-4960-BC74-6B0D90506662}.Release|x64.Build.0 = Release|Any CPU
		{F26E3CB4-0BC2-4960-BC74-6B0D90506662}.Release|x86.ActiveCfg = Release|Any CPU
		{F26E3CB4-0BC2-4960-BC74-6B0D90506662}.Release|x86.Build.0 = Release|Any CPU
		{3C05AC0E-58D2-4C1F-A2CB-DA9A5E3B602E}.Debug|Any CPU.ActiveCfg = Debug|Any CPU
		{3C05AC0E-58D2-4C1F-A2CB-DA9A5E3B602E}.Debug|Any CPU.Build.0 = Debug|Any CPU
		{3C05AC0E-58D2-4C1F-A2CB-DA9A5E3B602E}.Debug|x64.ActiveCfg = Debug|Any CPU
		{3C05AC0E-58D2-4C1F-A2CB-DA9A5E3B602E}.Debug|x64.Build.0 = Debug|Any CPU
		{3C05AC0E-58D2-4C1F-A2CB-DA9A5E3B602E}.Debug|x86.ActiveCfg = Debug|Any CPU
		{3C05AC0E-58D2-4C1F-A2CB-DA9A5E3B602E}.Debug|x86.Build.0 = Debug|Any CPU
		{3C05AC0E-58D2-4C1F-A2CB-DA9A5E3B602E}.Release|Any CPU.ActiveCfg = Release|Any CPU
		{3C05AC0E-58D2-4C1F-A2CB-DA9A5E3B602E}.Release|Any CPU.Build.0 = Release|Any CPU
		{3C05AC0E-58D2-4C1F-A2CB-DA9A5E3B602E}.Release|x64.ActiveCfg = Release|Any CPU
		{3C05AC0E-58D2-4C1F-A2CB-DA9A5E3B602E}.Release|x64.Build.0 = Release|Any CPU
		{3C05AC0E-58D2-4C1F-A2CB-DA9A5E3B602E}.Release|x86.ActiveCfg = Release|Any CPU
		{3C05AC0E-58D2-4C1F-A2CB-DA9A5E3B602E}.Release|x86.Build.0 = Release|Any CPU
		{014E09AC-5958-496C-B350-8BF456707F99}.Debug|Any CPU.ActiveCfg = Debug|Any CPU
		{014E09AC-5958-496C-B350-8BF456707F99}.Debug|Any CPU.Build.0 = Debug|Any CPU
		{014E09AC-5958-496C-B350-8BF456707F99}.Debug|x64.ActiveCfg = Debug|Any CPU
		{014E09AC-5958-496C-B350-8BF456707F99}.Debug|x64.Build.0 = Debug|Any CPU
		{014E09AC-5958-496C-B350-8BF456707F99}.Debug|x86.ActiveCfg = Debug|Any CPU
		{014E09AC-5958-496C-B350-8BF456707F99}.Debug|x86.Build.0 = Debug|Any CPU
		{014E09AC-5958-496C-B350-8BF456707F99}.Release|Any CPU.ActiveCfg = Release|Any CPU
		{014E09AC-5958-496C-B350-8BF456707F99}.Release|Any CPU.Build.0 = Release|Any CPU
		{014E09AC-5958-496C-B350-8BF456707F99}.Release|x64.ActiveCfg = Release|Any CPU
		{014E09AC-5958-496C-B350-8BF456707F99}.Release|x64.Build.0 = Release|Any CPU
		{014E09AC-5958-496C-B350-8BF456707F99}.Release|x86.ActiveCfg = Release|Any CPU
		{014E09AC-5958-496C-B350-8BF456707F99}.Release|x86.Build.0 = Release|Any CPU
	EndGlobalSection
	GlobalSection(SolutionProperties) = preSolution
		HideSolutionNode = FALSE
	EndGlobalSection
	GlobalSection(NestedProjects) = preSolution
		{05CBD06F-ADC9-422C-A408-95E29D7BFE20} = {827E0CD3-B72D-47B6-A68D-7590B98EB39B}
		{99E5C6A1-2164-4758-A4E4-2E5F1108101E} = {827E0CD3-B72D-47B6-A68D-7590B98EB39B}
		{FD1D11CB-CC32-41D1-8237-03FEC363AD8F} = {827E0CD3-B72D-47B6-A68D-7590B98EB39B}
		{6E0459FD-52A3-45E2-9494-0A82248B9D99} = {827E0CD3-B72D-47B6-A68D-7590B98EB39B}
		{A11335E3-C428-43B5-AB55-043C79F6CC09} = {827E0CD3-B72D-47B6-A68D-7590B98EB39B}
		{FDF886BA-BC48-4720-BA86-D3B54A2C0EB6} = {827E0CD3-B72D-47B6-A68D-7590B98EB39B}
		{189136A0-A71D-428E-A474-16CFCE747ED9} = {827E0CD3-B72D-47B6-A68D-7590B98EB39B}
		{F26E3CB4-0BC2-4960-BC74-6B0D90506662} = {827E0CD3-B72D-47B6-A68D-7590B98EB39B}
		{3C05AC0E-58D2-4C1F-A2CB-DA9A5E3B602E} = {0AB3BF05-4346-4AA6-1389-037BE0695223}
		{014E09AC-5958-496C-B350-8BF456707F99} = {0AB3BF05-4346-4AA6-1389-037BE0695223}
	EndGlobalSection
EndGlobal
